
Microsoft Visual Studio Solution File, Format Version 12.00
# Visual Studio 15
VisualStudioVersion = 15.0.27703.2047
MinimumVisualStudioVersion = 10.0.40219.1
Project("{FAE04EC0-301F-11D3-BF4B-00C04F79EFBC}") = "AOPAttributes", "AOPAttributes\AOPAttributes.csproj", "{EC1FA1E7-2650-4107-A099-9D4D253FC728}"
EndProject
Global
	GlobalSection(SolutionConfigurationPlatforms) = preSolution
		Debug|Any CPU = Debug|Any CPU
		Release|Any CPU = Release|Any CPU
	EndGlobalSection
	GlobalSection(ProjectConfigurationPlatforms) = postSolution
		{EC1FA1E7-2650-4107-A099-9D4D253FC728}.Debug|Any CPU.ActiveCfg = Debug|Any CPU
		{EC1FA1E7-2650-4107-A099-9D4D253FC728}.Debug|Any CPU.Build.0 = Debug|Any CPU
		{EC1FA1E7-2650-4107-A099-9D4D253FC728}.Release|Any CPU.ActiveCfg = Release|Any CPU
		{EC1FA1E7-2650-4107-A099-9D4D253FC728}.Release|Any CPU.Build.0 = Release|Any CPU
	EndGlobalSection
	GlobalSection(SolutionProperties) = preSolution
		HideSolutionNode = FALSE
	EndGlobalSection
	GlobalSection(ExtensibilityGlobals) = postSolution
		SolutionGuid = {FDD066C6-D3CD-4E8E-BDAB-0A6DFE1FA53D}
	EndGlobalSection
EndGlobal
